// !$*UTF8*$!
{
	archiveVersion = 1;
	classes = {
	};
	objectVersion = 56;
	objects = {

/* Begin PBXBuildFile section */
		5500DE532B9662EC008858E9 /* AdapterStrategy.swift in Sources */ = {isa = PBXBuildFile; fileRef = 5500DE522B9662EC008858E9 /* AdapterStrategy.swift */; };
		5500DE552B966302008858E9 /* OnlineAdapter.swift in Sources */ = {isa = PBXBuildFile; fileRef = 5500DE542B966302008858E9 /* OnlineAdapter.swift */; };
		5500DE572B96630C008858E9 /* LocalAdapter.swift in Sources */ = {isa = PBXBuildFile; fileRef = 5500DE562B96630C008858E9 /* LocalAdapter.swift */; };
		5507FF092B617952007C7C5B /* TabBarController.swift in Sources */ = {isa = PBXBuildFile; fileRef = 5507FF082B617952007C7C5B /* TabBarController.swift */; };
		5507FF0F2B61D7AD007C7C5B /* Localizable.strings in Resources */ = {isa = PBXBuildFile; fileRef = 5507FF112B61D7AD007C7C5B /* Localizable.strings */; };
		551F2C802B8013710052C309 /* MovieSearchAdapter.swift in Sources */ = {isa = PBXBuildFile; fileRef = 551F2C7F2B8013710052C309 /* MovieSearchAdapter.swift */; };
		551FB7B62B6993660054C482 /* Kingfisher in Frameworks */ = {isa = PBXBuildFile; productRef = 551FB7B52B6993660054C482 /* Kingfisher */; };
		551FB7BA2B69AA9C0054C482 /* CustomCollectionViewCell.swift in Sources */ = {isa = PBXBuildFile; fileRef = 551FB7B82B69AA9C0054C482 /* CustomCollectionViewCell.swift */; };
		552A7CA42B7406CB00D84BEB /* DetailsEntity.swift in Sources */ = {isa = PBXBuildFile; fileRef = 552A7CA32B7406CB00D84BEB /* DetailsEntity.swift */; };
		552A7CA72B74231800D84BEB /* DetailsWS.swift in Sources */ = {isa = PBXBuildFile; fileRef = 552A7CA62B74231800D84BEB /* DetailsWS.swift */; };
		552A7CA92B74252400D84BEB /* ResponseDetail.swift in Sources */ = {isa = PBXBuildFile; fileRef = 552A7CA82B74252400D84BEB /* ResponseDetail.swift */; };
		55347FFF2B613942001B38B0 /* LoginViewController.swift in Sources */ = {isa = PBXBuildFile; fileRef = 55347FFE2B613942001B38B0 /* LoginViewController.swift */; };
		553480032B614F07001B38B0 /* RegisterView.swift in Sources */ = {isa = PBXBuildFile; fileRef = 553480022B614F07001B38B0 /* RegisterView.swift */; };
		553480052B614F4D001B38B0 /* RegisterViewController.swift in Sources */ = {isa = PBXBuildFile; fileRef = 553480042B614F4D001B38B0 /* RegisterViewController.swift */; };
		553480072B616592001B38B0 /* DetailsViewController.swift in Sources */ = {isa = PBXBuildFile; fileRef = 553480062B616592001B38B0 /* DetailsViewController.swift */; };
		553480092B6166CF001B38B0 /* DetailsView.swift in Sources */ = {isa = PBXBuildFile; fileRef = 553480082B6166CF001B38B0 /* DetailsView.swift */; };
		553770962B60665700C69D03 /* AppDelegate.swift in Sources */ = {isa = PBXBuildFile; fileRef = 553770952B60665700C69D03 /* AppDelegate.swift */; };
		553770982B60665700C69D03 /* SceneDelegate.swift in Sources */ = {isa = PBXBuildFile; fileRef = 553770972B60665700C69D03 /* SceneDelegate.swift */; };
		553770A02B60665700C69D03 /* StarRow.xcdatamodeld in Sources */ = {isa = PBXBuildFile; fileRef = 5537709E2B60665700C69D03 /* StarRow.xcdatamodeld */; };
		553770A22B60665A00C69D03 /* Assets.xcassets in Resources */ = {isa = PBXBuildFile; fileRef = 553770A12B60665A00C69D03 /* Assets.xcassets */; };
		553770A52B60665A00C69D03 /* LaunchScreen.storyboard in Resources */ = {isa = PBXBuildFile; fileRef = 553770A32B60665A00C69D03 /* LaunchScreen.storyboard */; };
		553770B02B60665A00C69D03 /* StarRowTests.swift in Sources */ = {isa = PBXBuildFile; fileRef = 553770AF2B60665A00C69D03 /* StarRowTests.swift */; };
		553770BA2B60665A00C69D03 /* StarRowUITests.swift in Sources */ = {isa = PBXBuildFile; fileRef = 553770B92B60665A00C69D03 /* StarRowUITests.swift */; };
		553770BC2B60665A00C69D03 /* StarRowUITestsLaunchTests.swift in Sources */ = {isa = PBXBuildFile; fileRef = 553770BB2B60665A00C69D03 /* StarRowUITestsLaunchTests.swift */; };
		553770CC2B606BFD00C69D03 /* MoviesViewController.swift in Sources */ = {isa = PBXBuildFile; fileRef = 553770CB2B606BFD00C69D03 /* MoviesViewController.swift */; };
		553770CE2B606C0F00C69D03 /* MoviesView.swift in Sources */ = {isa = PBXBuildFile; fileRef = 553770CD2B606C0F00C69D03 /* MoviesView.swift */; };
		5541D02B2B8660680044988B /* MovieCoreData+CoreDataClass.swift in Sources */ = {isa = PBXBuildFile; fileRef = 5541D0292B8660680044988B /* MovieCoreData+CoreDataClass.swift */; };
		5541D02C2B8660680044988B /* MovieCoreData+CoreDataProperties.swift in Sources */ = {isa = PBXBuildFile; fileRef = 5541D02A2B8660680044988B /* MovieCoreData+CoreDataProperties.swift */; };
		5560CA912B84C46B007834D1 /* MoviesEntity.swift in Sources */ = {isa = PBXBuildFile; fileRef = 5560CA902B84C46B007834D1 /* MoviesEntity.swift */; };
		5566A9BF2B8E67CD0054AEA3 /* StarView.swift in Sources */ = {isa = PBXBuildFile; fileRef = 5566A9BE2B8E67CD0054AEA3 /* StarView.swift */; };
		557836132B757654005B8538 /* FavoriteCollectionViewCell.swift in Sources */ = {isa = PBXBuildFile; fileRef = 557836112B757654005B8538 /* FavoriteCollectionViewCell.swift */; };
		557836142B757654005B8538 /* FavoriteCollectionViewCell.xib in Resources */ = {isa = PBXBuildFile; fileRef = 557836122B757654005B8538 /* FavoriteCollectionViewCell.xib */; };
		55823D7B2B60A6A800F6AD15 /* ResponseMovie.swift in Sources */ = {isa = PBXBuildFile; fileRef = 55823D7A2B60A6A800F6AD15 /* ResponseMovie.swift */; };
		55823D7D2B60A6B100F6AD15 /* MoviesWS.swift in Sources */ = {isa = PBXBuildFile; fileRef = 55823D7C2B60A6B100F6AD15 /* MoviesWS.swift */; };
		55D1B4482B7E73DC00830997 /* ShortLogin.swift in Sources */ = {isa = PBXBuildFile; fileRef = 55D1B4472B7E73DC00830997 /* ShortLogin.swift */; };
		55D1B44A2B7E745F00830997 /* LoginStrategy.swift in Sources */ = {isa = PBXBuildFile; fileRef = 55D1B4492B7E745F00830997 /* LoginStrategy.swift */; };
		55D1B44C2B7E7D0700830997 /* FullLogin.swift in Sources */ = {isa = PBXBuildFile; fileRef = 55D1B44B2B7E7D0700830997 /* FullLogin.swift */; };
		55D1B44F2B7EC07000830997 /* MoviesListViewStrategy.swift in Sources */ = {isa = PBXBuildFile; fileRef = 55D1B44E2B7EC07000830997 /* MoviesListViewStrategy.swift */; };
		55D1B4512B7EC0A100830997 /* MoviesListLocalStrategy.swift in Sources */ = {isa = PBXBuildFile; fileRef = 55D1B4502B7EC0A100830997 /* MoviesListLocalStrategy.swift */; };
		55D1B4532B7EC0CC00830997 /* MoviesListOnlineStrategy.swift in Sources */ = {isa = PBXBuildFile; fileRef = 55D1B4522B7EC0CC00830997 /* MoviesListOnlineStrategy.swift */; };
		55DEB55C2B7A78F400363F83 /* NotificationCenter.swift in Sources */ = {isa = PBXBuildFile; fileRef = 55DEB55B2B7A78F400363F83 /* NotificationCenter.swift */; };
		55EB24612B8CDC3800BCB944 /* UserSession.swift in Sources */ = {isa = PBXBuildFile; fileRef = 55EB24602B8CDC3800BCB944 /* UserSession.swift */; };
		55F1BCC32B6B008200B6BC79 /* MovieAdapter.swift in Sources */ = {isa = PBXBuildFile; fileRef = 55F1BCC22B6B008200B6BC79 /* MovieAdapter.swift */; };
/* End PBXBuildFile section */

/* Begin PBXContainerItemProxy section */
		553770AC2B60665A00C69D03 /* PBXContainerItemProxy */ = {
			isa = PBXContainerItemProxy;
			containerPortal = 5537708A2B60665700C69D03 /* Project object */;
			proxyType = 1;
			remoteGlobalIDString = 553770912B60665700C69D03;
			remoteInfo = StarRow;
		};
		553770B62B60665A00C69D03 /* PBXContainerItemProxy */ = {
			isa = PBXContainerItemProxy;
			containerPortal = 5537708A2B60665700C69D03 /* Project object */;
			proxyType = 1;
			remoteGlobalIDString = 553770912B60665700C69D03;
			remoteInfo = StarRow;
		};
/* End PBXContainerItemProxy section */

/* Begin PBXFileReference section */
		5500DE522B9662EC008858E9 /* AdapterStrategy.swift */ = {isa = PBXFileReference; lastKnownFileType = sourcecode.swift; path = AdapterStrategy.swift; sourceTree = "<group>"; };
		5500DE542B966302008858E9 /* OnlineAdapter.swift */ = {isa = PBXFileReference; lastKnownFileType = sourcecode.swift; path = OnlineAdapter.swift; sourceTree = "<group>"; };
		5500DE562B96630C008858E9 /* LocalAdapter.swift */ = {isa = PBXFileReference; lastKnownFileType = sourcecode.swift; path = LocalAdapter.swift; sourceTree = "<group>"; };
		5507FF082B617952007C7C5B /* TabBarController.swift */ = {isa = PBXFileReference; lastKnownFileType = sourcecode.swift; path = TabBarController.swift; sourceTree = "<group>"; };
		5507FF102B61D7AD007C7C5B /* en */ = {isa = PBXFileReference; lastKnownFileType = text.plist.strings; name = en; path = en.lproj/Localizable.strings; sourceTree = "<group>"; };
		5507FF122B61D7B2007C7C5B /* es */ = {isa = PBXFileReference; lastKnownFileType = text.plist.strings; name = es; path = es.lproj/Localizable.strings; sourceTree = "<group>"; };
		551F2C7F2B8013710052C309 /* MovieSearchAdapter.swift */ = {isa = PBXFileReference; lastKnownFileType = sourcecode.swift; path = MovieSearchAdapter.swift; sourceTree = "<group>"; };
		551FB7B82B69AA9C0054C482 /* CustomCollectionViewCell.swift */ = {isa = PBXFileReference; lastKnownFileType = sourcecode.swift; path = CustomCollectionViewCell.swift; sourceTree = "<group>"; };
		552A7CA32B7406CB00D84BEB /* DetailsEntity.swift */ = {isa = PBXFileReference; lastKnownFileType = sourcecode.swift; path = DetailsEntity.swift; sourceTree = "<group>"; };
		552A7CA62B74231800D84BEB /* DetailsWS.swift */ = {isa = PBXFileReference; lastKnownFileType = sourcecode.swift; path = DetailsWS.swift; sourceTree = "<group>"; };
		552A7CA82B74252400D84BEB /* ResponseDetail.swift */ = {isa = PBXFileReference; lastKnownFileType = sourcecode.swift; path = ResponseDetail.swift; sourceTree = "<group>"; };
		55347FFE2B613942001B38B0 /* LoginViewController.swift */ = {isa = PBXFileReference; lastKnownFileType = sourcecode.swift; path = LoginViewController.swift; sourceTree = "<group>"; };
		553480022B614F07001B38B0 /* RegisterView.swift */ = {isa = PBXFileReference; lastKnownFileType = sourcecode.swift; path = RegisterView.swift; sourceTree = "<group>"; };
		553480042B614F4D001B38B0 /* RegisterViewController.swift */ = {isa = PBXFileReference; lastKnownFileType = sourcecode.swift; path = RegisterViewController.swift; sourceTree = "<group>"; };
		553480062B616592001B38B0 /* DetailsViewController.swift */ = {isa = PBXFileReference; lastKnownFileType = sourcecode.swift; path = DetailsViewController.swift; sourceTree = "<group>"; };
		553480082B6166CF001B38B0 /* DetailsView.swift */ = {isa = PBXFileReference; lastKnownFileType = sourcecode.swift; path = DetailsView.swift; sourceTree = "<group>"; };
		553770922B60665700C69D03 /* StarRow.app */ = {isa = PBXFileReference; explicitFileType = wrapper.application; includeInIndex = 0; path = StarRow.app; sourceTree = BUILT_PRODUCTS_DIR; };
		553770952B60665700C69D03 /* AppDelegate.swift */ = {isa = PBXFileReference; lastKnownFileType = sourcecode.swift; path = AppDelegate.swift; sourceTree = "<group>"; };
		553770972B60665700C69D03 /* SceneDelegate.swift */ = {isa = PBXFileReference; lastKnownFileType = sourcecode.swift; path = SceneDelegate.swift; sourceTree = "<group>"; };
		5537709F2B60665700C69D03 /* StarRow.xcdatamodel */ = {isa = PBXFileReference; lastKnownFileType = wrapper.xcdatamodel; path = StarRow.xcdatamodel; sourceTree = "<group>"; };
		553770A12B60665A00C69D03 /* Assets.xcassets */ = {isa = PBXFileReference; lastKnownFileType = folder.assetcatalog; path = Assets.xcassets; sourceTree = "<group>"; };
		553770A42B60665A00C69D03 /* Base */ = {isa = PBXFileReference; lastKnownFileType = file.storyboard; name = Base; path = Base.lproj/LaunchScreen.storyboard; sourceTree = "<group>"; };
		553770A62B60665A00C69D03 /* Info.plist */ = {isa = PBXFileReference; lastKnownFileType = text.plist.xml; path = Info.plist; sourceTree = "<group>"; };
		553770AB2B60665A00C69D03 /* StarRowTests.xctest */ = {isa = PBXFileReference; explicitFileType = wrapper.cfbundle; includeInIndex = 0; path = StarRowTests.xctest; sourceTree = BUILT_PRODUCTS_DIR; };
		553770AF2B60665A00C69D03 /* StarRowTests.swift */ = {isa = PBXFileReference; lastKnownFileType = sourcecode.swift; path = StarRowTests.swift; sourceTree = "<group>"; };
		553770B52B60665A00C69D03 /* StarRowUITests.xctest */ = {isa = PBXFileReference; explicitFileType = wrapper.cfbundle; includeInIndex = 0; path = StarRowUITests.xctest; sourceTree = BUILT_PRODUCTS_DIR; };
		553770B92B60665A00C69D03 /* StarRowUITests.swift */ = {isa = PBXFileReference; lastKnownFileType = sourcecode.swift; path = StarRowUITests.swift; sourceTree = "<group>"; };
		553770BB2B60665A00C69D03 /* StarRowUITestsLaunchTests.swift */ = {isa = PBXFileReference; lastKnownFileType = sourcecode.swift; path = StarRowUITestsLaunchTests.swift; sourceTree = "<group>"; };
		553770CB2B606BFD00C69D03 /* MoviesViewController.swift */ = {isa = PBXFileReference; lastKnownFileType = sourcecode.swift; path = MoviesViewController.swift; sourceTree = "<group>"; };
		553770CD2B606C0F00C69D03 /* MoviesView.swift */ = {isa = PBXFileReference; lastKnownFileType = sourcecode.swift; path = MoviesView.swift; sourceTree = "<group>"; };
		5541D0292B8660680044988B /* MovieCoreData+CoreDataClass.swift */ = {isa = PBXFileReference; lastKnownFileType = sourcecode.swift; path = "MovieCoreData+CoreDataClass.swift"; sourceTree = "<group>"; };
		5541D02A2B8660680044988B /* MovieCoreData+CoreDataProperties.swift */ = {isa = PBXFileReference; lastKnownFileType = sourcecode.swift; path = "MovieCoreData+CoreDataProperties.swift"; sourceTree = "<group>"; };
		5560CA902B84C46B007834D1 /* MoviesEntity.swift */ = {isa = PBXFileReference; lastKnownFileType = sourcecode.swift; path = MoviesEntity.swift; sourceTree = "<group>"; };
		5566A9BE2B8E67CD0054AEA3 /* StarView.swift */ = {isa = PBXFileReference; lastKnownFileType = sourcecode.swift; path = StarView.swift; sourceTree = "<group>"; };
		557836112B757654005B8538 /* FavoriteCollectionViewCell.swift */ = {isa = PBXFileReference; lastKnownFileType = sourcecode.swift; path = FavoriteCollectionViewCell.swift; sourceTree = "<group>"; };
		557836122B757654005B8538 /* FavoriteCollectionViewCell.xib */ = {isa = PBXFileReference; lastKnownFileType = file.xib; path = FavoriteCollectionViewCell.xib; sourceTree = "<group>"; };
		55823D7A2B60A6A800F6AD15 /* ResponseMovie.swift */ = {isa = PBXFileReference; lastKnownFileType = sourcecode.swift; path = ResponseMovie.swift; sourceTree = "<group>"; };
		55823D7C2B60A6B100F6AD15 /* MoviesWS.swift */ = {isa = PBXFileReference; lastKnownFileType = sourcecode.swift; path = MoviesWS.swift; sourceTree = "<group>"; };
		55D1B4472B7E73DC00830997 /* ShortLogin.swift */ = {isa = PBXFileReference; lastKnownFileType = sourcecode.swift; path = ShortLogin.swift; sourceTree = "<group>"; };
		55D1B4492B7E745F00830997 /* LoginStrategy.swift */ = {isa = PBXFileReference; lastKnownFileType = sourcecode.swift; path = LoginStrategy.swift; sourceTree = "<group>"; };
		55D1B44B2B7E7D0700830997 /* FullLogin.swift */ = {isa = PBXFileReference; lastKnownFileType = sourcecode.swift; path = FullLogin.swift; sourceTree = "<group>"; };
		55D1B44E2B7EC07000830997 /* MoviesListViewStrategy.swift */ = {isa = PBXFileReference; lastKnownFileType = sourcecode.swift; path = MoviesListViewStrategy.swift; sourceTree = "<group>"; };
		55D1B4502B7EC0A100830997 /* MoviesListLocalStrategy.swift */ = {isa = PBXFileReference; lastKnownFileType = sourcecode.swift; path = MoviesListLocalStrategy.swift; sourceTree = "<group>"; };
		55D1B4522B7EC0CC00830997 /* MoviesListOnlineStrategy.swift */ = {isa = PBXFileReference; lastKnownFileType = sourcecode.swift; path = MoviesListOnlineStrategy.swift; sourceTree = "<group>"; };
		55DEB55B2B7A78F400363F83 /* NotificationCenter.swift */ = {isa = PBXFileReference; lastKnownFileType = sourcecode.swift; path = NotificationCenter.swift; sourceTree = "<group>"; };
		55EB24602B8CDC3800BCB944 /* UserSession.swift */ = {isa = PBXFileReference; lastKnownFileType = sourcecode.swift; path = UserSession.swift; sourceTree = "<group>"; };
		55F1BCC22B6B008200B6BC79 /* MovieAdapter.swift */ = {isa = PBXFileReference; lastKnownFileType = sourcecode.swift; path = MovieAdapter.swift; sourceTree = "<group>"; };
/* End PBXFileReference section */

/* Begin PBXFrameworksBuildPhase section */
		5537708F2B60665700C69D03 /* Frameworks */ = {
			isa = PBXFrameworksBuildPhase;
			buildActionMask = 2147483647;
			files = (
				551FB7B62B6993660054C482 /* Kingfisher in Frameworks */,
			);
			runOnlyForDeploymentPostprocessing = 0;
		};
		553770A82B60665A00C69D03 /* Frameworks */ = {
			isa = PBXFrameworksBuildPhase;
			buildActionMask = 2147483647;
			files = (
			);
			runOnlyForDeploymentPostprocessing = 0;
		};
		553770B22B60665A00C69D03 /* Frameworks */ = {
			isa = PBXFrameworksBuildPhase;
			buildActionMask = 2147483647;
			files = (
			);
			runOnlyForDeploymentPostprocessing = 0;
		};
/* End PBXFrameworksBuildPhase section */

/* Begin PBXGroup section */
		5500DE502B9661DC008858E9 /* CollectionAdapter */ = {
			isa = PBXGroup;
			children = (
				55F1BCC22B6B008200B6BC79 /* MovieAdapter.swift */,
				5500DE522B9662EC008858E9 /* AdapterStrategy.swift */,
				5500DE542B966302008858E9 /* OnlineAdapter.swift */,
				5500DE562B96630C008858E9 /* LocalAdapter.swift */,
			);
			path = CollectionAdapter;
			sourceTree = "<group>";
		};
		551F2C812B8014E40052C309 /* LoginStrategy */ = {
			isa = PBXGroup;
			children = (
				55D1B4492B7E745F00830997 /* LoginStrategy.swift */,
				55D1B4472B7E73DC00830997 /* ShortLogin.swift */,
				55D1B44B2B7E7D0700830997 /* FullLogin.swift */,
			);
			path = LoginStrategy;
			sourceTree = "<group>";
		};
		551F2C832B8015270052C309 /* MovieAdapter */ = {
			isa = PBXGroup;
			children = (
				559C86352B97794600F41D90 /* SearchBarAdapter */,
				5500DE502B9661DC008858E9 /* CollectionAdapter */,
			);
			path = MovieAdapter;
			sourceTree = "<group>";
		};
		551FB7B72B69AA7B0054C482 /* CustomCell */ = {
			isa = PBXGroup;
			children = (
				551FB7B82B69AA9C0054C482 /* CustomCollectionViewCell.swift */,
				557836112B757654005B8538 /* FavoriteCollectionViewCell.swift */,
				557836122B757654005B8538 /* FavoriteCollectionViewCell.xib */,
			);
			path = CustomCell;
			sourceTree = "<group>";
		};
		552A7CA22B7406BC00D84BEB /* Entity */ = {
			isa = PBXGroup;
			children = (
				552A7CA32B7406CB00D84BEB /* DetailsEntity.swift */,
				5560CA902B84C46B007834D1 /* MoviesEntity.swift */,
			);
			path = Entity;
			sourceTree = "<group>";
		};
		553770892B60665700C69D03 = {
			isa = PBXGroup;
			children = (
				553770942B60665700C69D03 /* StarRow */,
				553770AE2B60665A00C69D03 /* StarRowTests */,
				553770B82B60665A00C69D03 /* StarRowUITests */,
				553770932B60665700C69D03 /* Products */,
			);
			sourceTree = "<group>";
		};
		553770932B60665700C69D03 /* Products */ = {
			isa = PBXGroup;
			children = (
				553770922B60665700C69D03 /* StarRow.app */,
				553770AB2B60665A00C69D03 /* StarRowTests.xctest */,
				553770B52B60665A00C69D03 /* StarRowUITests.xctest */,
			);
			name = Products;
			sourceTree = "<group>";
		};
		553770942B60665700C69D03 /* StarRow */ = {
			isa = PBXGroup;
			children = (
				559E47FD2B7C009E00B8A84F /* Login */,
				559E47FC2B7C007200B8A84F /* Register */,
				559E47FE2B7C00B300B8A84F /* Movies */,
				559E47FF2B7C00D100B8A84F /* Details */,
				553770CA2B606BD100C69D03 /* NavigationController */,
				551FB7B72B69AA7B0054C482 /* CustomCell */,
				553770C82B606BBA00C69D03 /* Model */,
				55DEB55A2B7A78DD00363F83 /* Utility */,
				553770952B60665700C69D03 /* AppDelegate.swift */,
				553770972B60665700C69D03 /* SceneDelegate.swift */,
				553770A12B60665A00C69D03 /* Assets.xcassets */,
				553770A32B60665A00C69D03 /* LaunchScreen.storyboard */,
				553770A62B60665A00C69D03 /* Info.plist */,
				5537709E2B60665700C69D03 /* StarRow.xcdatamodeld */,
				5507FF112B61D7AD007C7C5B /* Localizable.strings */,
			);
			path = StarRow;
			sourceTree = "<group>";
		};
		553770AE2B60665A00C69D03 /* StarRowTests */ = {
			isa = PBXGroup;
			children = (
				553770AF2B60665A00C69D03 /* StarRowTests.swift */,
			);
			path = StarRowTests;
			sourceTree = "<group>";
		};
		553770B82B60665A00C69D03 /* StarRowUITests */ = {
			isa = PBXGroup;
			children = (
				553770B92B60665A00C69D03 /* StarRowUITests.swift */,
				553770BB2B60665A00C69D03 /* StarRowUITestsLaunchTests.swift */,
			);
			path = StarRowUITests;
			sourceTree = "<group>";
		};
		553770C82B606BBA00C69D03 /* Model */ = {
			isa = PBXGroup;
			children = (
				552A7CA22B7406BC00D84BEB /* Entity */,
				55E343812B72ED20009C6C92 /* CoreData */,
				55E343802B72ED11009C6C92 /* ApiResponde */,
			);
			path = Model;
			sourceTree = "<group>";
		};
		553770CA2B606BD100C69D03 /* NavigationController */ = {
			isa = PBXGroup;
			children = (
				5507FF082B617952007C7C5B /* TabBarController.swift */,
			);
			path = NavigationController;
			sourceTree = "<group>";
		};
		559C86342B976DCA00F41D90 /* Coordinator */ = {
			isa = PBXGroup;
			children = (
			);
			path = Coordinator;
			sourceTree = "<group>";
		};
		559C86352B97794600F41D90 /* SearchBarAdapter */ = {
			isa = PBXGroup;
			children = (
				551F2C7F2B8013710052C309 /* MovieSearchAdapter.swift */,
			);
			path = SearchBarAdapter;
			sourceTree = "<group>";
		};
		559E47FC2B7C007200B8A84F /* Register */ = {
			isa = PBXGroup;
			children = (
				553480042B614F4D001B38B0 /* RegisterViewController.swift */,
				553480022B614F07001B38B0 /* RegisterView.swift */,
			);
			path = Register;
			sourceTree = "<group>";
		};
		559E47FD2B7C009E00B8A84F /* Login */ = {
			isa = PBXGroup;
			children = (
				55347FFE2B613942001B38B0 /* LoginViewController.swift */,
				551F2C812B8014E40052C309 /* LoginStrategy */,
				559C86342B976DCA00F41D90 /* Coordinator */,
			);
			path = Login;
			sourceTree = "<group>";
		};
		559E47FE2B7C00B300B8A84F /* Movies */ = {
			isa = PBXGroup;
			children = (
				553770CB2B606BFD00C69D03 /* MoviesViewController.swift */,
				553770CD2B606C0F00C69D03 /* MoviesView.swift */,
				551F2C832B8015270052C309 /* MovieAdapter */,
				55D1B44D2B7EB80600830997 /* MovieListStrategy */,
			);
			path = Movies;
			sourceTree = "<group>";
		};
		559E47FF2B7C00D100B8A84F /* Details */ = {
			isa = PBXGroup;
			children = (
				553480062B616592001B38B0 /* DetailsViewController.swift */,
				553480082B6166CF001B38B0 /* DetailsView.swift */,
			);
			path = Details;
			sourceTree = "<group>";
		};
		55D1B44D2B7EB80600830997 /* MovieListStrategy */ = {
			isa = PBXGroup;
			children = (
				55D1B44E2B7EC07000830997 /* MoviesListViewStrategy.swift */,
				55D1B4502B7EC0A100830997 /* MoviesListLocalStrategy.swift */,
				55D1B4522B7EC0CC00830997 /* MoviesListOnlineStrategy.swift */,
			);
			path = MovieListStrategy;
			sourceTree = "<group>";
		};
		55DEB55A2B7A78DD00363F83 /* Utility */ = {
			isa = PBXGroup;
			children = (
				55DEB55B2B7A78F400363F83 /* NotificationCenter.swift */,
				55EB24602B8CDC3800BCB944 /* UserSession.swift */,
				5566A9BE2B8E67CD0054AEA3 /* StarView.swift */,
			);
			path = Utility;
			sourceTree = "<group>";
		};
		55E343802B72ED11009C6C92 /* ApiResponde */ = {
			isa = PBXGroup;
			children = (
				55823D7A2B60A6A800F6AD15 /* ResponseMovie.swift */,
				55823D7C2B60A6B100F6AD15 /* MoviesWS.swift */,
				552A7CA62B74231800D84BEB /* DetailsWS.swift */,
				552A7CA82B74252400D84BEB /* ResponseDetail.swift */,
			);
			path = ApiResponde;
			sourceTree = "<group>";
		};
		55E343812B72ED20009C6C92 /* CoreData */ = {
			isa = PBXGroup;
			children = (
				5541D0292B8660680044988B /* MovieCoreData+CoreDataClass.swift */,
				5541D02A2B8660680044988B /* MovieCoreData+CoreDataProperties.swift */,
			);
			path = CoreData;
			sourceTree = "<group>";
		};
/* End PBXGroup section */

/* Begin PBXNativeTarget section */
		553770912B60665700C69D03 /* StarRow */ = {
			isa = PBXNativeTarget;
			buildConfigurationList = 553770BF2B60665A00C69D03 /* Build configuration list for PBXNativeTarget "StarRow" */;
			buildPhases = (
				5537708E2B60665700C69D03 /* Sources */,
				5537708F2B60665700C69D03 /* Frameworks */,
				553770902B60665700C69D03 /* Resources */,
			);
			buildRules = (
			);
			dependencies = (
			);
			name = StarRow;
			packageProductDependencies = (
				551FB7B52B6993660054C482 /* Kingfisher */,
			);
			productName = StarRow;
			productReference = 553770922B60665700C69D03 /* StarRow.app */;
			productType = "com.apple.product-type.application";
		};
		553770AA2B60665A00C69D03 /* StarRowTests */ = {
			isa = PBXNativeTarget;
			buildConfigurationList = 553770C22B60665A00C69D03 /* Build configuration list for PBXNativeTarget "StarRowTests" */;
			buildPhases = (
				553770A72B60665A00C69D03 /* Sources */,
				553770A82B60665A00C69D03 /* Frameworks */,
				553770A92B60665A00C69D03 /* Resources */,
			);
			buildRules = (
			);
			dependencies = (
				553770AD2B60665A00C69D03 /* PBXTargetDependency */,
			);
			name = StarRowTests;
			productName = StarRowTests;
			productReference = 553770AB2B60665A00C69D03 /* StarRowTests.xctest */;
			productType = "com.apple.product-type.bundle.unit-test";
		};
		553770B42B60665A00C69D03 /* StarRowUITests */ = {
			isa = PBXNativeTarget;
			buildConfigurationList = 553770C52B60665A00C69D03 /* Build configuration list for PBXNativeTarget "StarRowUITests" */;
			buildPhases = (
				553770B12B60665A00C69D03 /* Sources */,
				553770B22B60665A00C69D03 /* Frameworks */,
				553770B32B60665A00C69D03 /* Resources */,
			);
			buildRules = (
			);
			dependencies = (
				553770B72B60665A00C69D03 /* PBXTargetDependency */,
			);
			name = StarRowUITests;
			productName = StarRowUITests;
			productReference = 553770B52B60665A00C69D03 /* StarRowUITests.xctest */;
			productType = "com.apple.product-type.bundle.ui-testing";
		};
/* End PBXNativeTarget section */

/* Begin PBXProject section */
		5537708A2B60665700C69D03 /* Project object */ = {
			isa = PBXProject;
			attributes = {
				BuildIndependentTargetsInParallel = 1;
				LastSwiftUpdateCheck = 1520;
				LastUpgradeCheck = 1520;
				TargetAttributes = {
					553770912B60665700C69D03 = {
						CreatedOnToolsVersion = 15.2;
					};
					553770AA2B60665A00C69D03 = {
						CreatedOnToolsVersion = 15.2;
						TestTargetID = 553770912B60665700C69D03;
					};
					553770B42B60665A00C69D03 = {
						CreatedOnToolsVersion = 15.2;
						TestTargetID = 553770912B60665700C69D03;
					};
				};
			};
			buildConfigurationList = 5537708D2B60665700C69D03 /* Build configuration list for PBXProject "StarRow" */;
			compatibilityVersion = "Xcode 14.0";
			developmentRegion = en;
			hasScannedForEncodings = 0;
			knownRegions = (
				en,
				Base,
				es,
			);
			mainGroup = 553770892B60665700C69D03;
			packageReferences = (
				551FB7B42B6993660054C482 /* XCRemoteSwiftPackageReference "Kingfisher" */,
			);
			productRefGroup = 553770932B60665700C69D03 /* Products */;
			projectDirPath = "";
			projectRoot = "";
			targets = (
				553770912B60665700C69D03 /* StarRow */,
				553770AA2B60665A00C69D03 /* StarRowTests */,
				553770B42B60665A00C69D03 /* StarRowUITests */,
			);
		};
/* End PBXProject section */

/* Begin PBXResourcesBuildPhase section */
		553770902B60665700C69D03 /* Resources */ = {
			isa = PBXResourcesBuildPhase;
			buildActionMask = 2147483647;
			files = (
				553770A52B60665A00C69D03 /* LaunchScreen.storyboard in Resources */,
				5507FF0F2B61D7AD007C7C5B /* Localizable.strings in Resources */,
				553770A22B60665A00C69D03 /* Assets.xcassets in Resources */,
				557836142B757654005B8538 /* FavoriteCollectionViewCell.xib in Resources */,
			);
			runOnlyForDeploymentPostprocessing = 0;
		};
		553770A92B60665A00C69D03 /* Resources */ = {
			isa = PBXResourcesBuildPhase;
			buildActionMask = 2147483647;
			files = (
			);
			runOnlyForDeploymentPostprocessing = 0;
		};
		553770B32B60665A00C69D03 /* Resources */ = {
			isa = PBXResourcesBuildPhase;
			buildActionMask = 2147483647;
			files = (
			);
			runOnlyForDeploymentPostprocessing = 0;
		};
/* End PBXResourcesBuildPhase section */

/* Begin PBXSourcesBuildPhase section */
		5537708E2B60665700C69D03 /* Sources */ = {
			isa = PBXSourcesBuildPhase;
			buildActionMask = 2147483647;
			files = (
				55D1B44C2B7E7D0700830997 /* FullLogin.swift in Sources */,
				55D1B44A2B7E745F00830997 /* LoginStrategy.swift in Sources */,
				5507FF092B617952007C7C5B /* TabBarController.swift in Sources */,
				552A7CA92B74252400D84BEB /* ResponseDetail.swift in Sources */,
				5560CA912B84C46B007834D1 /* MoviesEntity.swift in Sources */,
				55D1B44F2B7EC07000830997 /* MoviesListViewStrategy.swift in Sources */,
				553770CE2B606C0F00C69D03 /* MoviesView.swift in Sources */,
				557836132B757654005B8538 /* FavoriteCollectionViewCell.swift in Sources */,
				553770CC2B606BFD00C69D03 /* MoviesViewController.swift in Sources */,
				552A7CA72B74231800D84BEB /* DetailsWS.swift in Sources */,
				55823D7B2B60A6A800F6AD15 /* ResponseMovie.swift in Sources */,
				553770962B60665700C69D03 /* AppDelegate.swift in Sources */,
				553770A02B60665700C69D03 /* StarRow.xcdatamodeld in Sources */,
				55823D7D2B60A6B100F6AD15 /* MoviesWS.swift in Sources */,
				55EB24612B8CDC3800BCB944 /* UserSession.swift in Sources */,
				553480032B614F07001B38B0 /* RegisterView.swift in Sources */,
				5500DE572B96630C008858E9 /* LocalAdapter.swift in Sources */,
				55D1B4512B7EC0A100830997 /* MoviesListLocalStrategy.swift in Sources */,
				5500DE552B966302008858E9 /* OnlineAdapter.swift in Sources */,
				553480052B614F4D001B38B0 /* RegisterViewController.swift in Sources */,
				551F2C802B8013710052C309 /* MovieSearchAdapter.swift in Sources */,
				55D1B4532B7EC0CC00830997 /* MoviesListOnlineStrategy.swift in Sources */,
				551FB7BA2B69AA9C0054C482 /* CustomCollectionViewCell.swift in Sources */,
				553480092B6166CF001B38B0 /* DetailsView.swift in Sources */,
				552A7CA42B7406CB00D84BEB /* DetailsEntity.swift in Sources */,
				553480072B616592001B38B0 /* DetailsViewController.swift in Sources */,
				55F1BCC32B6B008200B6BC79 /* MovieAdapter.swift in Sources */,
				5500DE532B9662EC008858E9 /* AdapterStrategy.swift in Sources */,
				5541D02B2B8660680044988B /* MovieCoreData+CoreDataClass.swift in Sources */,
				55DEB55C2B7A78F400363F83 /* NotificationCenter.swift in Sources */,
				55347FFF2B613942001B38B0 /* LoginViewController.swift in Sources */,
				55D1B4482B7E73DC00830997 /* ShortLogin.swift in Sources */,
				5566A9BF2B8E67CD0054AEA3 /* StarView.swift in Sources */,
				553770982B60665700C69D03 /* SceneDelegate.swift in Sources */,
				5541D02C2B8660680044988B /* MovieCoreData+CoreDataProperties.swift in Sources */,
			);
			runOnlyForDeploymentPostprocessing = 0;
		};
		553770A72B60665A00C69D03 /* Sources */ = {
			isa = PBXSourcesBuildPhase;
			buildActionMask = 2147483647;
			files = (
				553770B02B60665A00C69D03 /* StarRowTests.swift in Sources */,
			);
			runOnlyForDeploymentPostprocessing = 0;
		};
		553770B12B60665A00C69D03 /* Sources */ = {
			isa = PBXSourcesBuildPhase;
			buildActionMask = 2147483647;
			files = (
				553770BA2B60665A00C69D03 /* StarRowUITests.swift in Sources */,
				553770BC2B60665A00C69D03 /* StarRowUITestsLaunchTests.swift in Sources */,
			);
			runOnlyForDeploymentPostprocessing = 0;
		};
/* End PBXSourcesBuildPhase section */

/* Begin PBXTargetDependency section */
		553770AD2B60665A00C69D03 /* PBXTargetDependency */ = {
			isa = PBXTargetDependency;
			target = 553770912B60665700C69D03 /* StarRow */;
			targetProxy = 553770AC2B60665A00C69D03 /* PBXContainerItemProxy */;
		};
		553770B72B60665A00C69D03 /* PBXTargetDependency */ = {
			isa = PBXTargetDependency;
			target = 553770912B60665700C69D03 /* StarRow */;
			targetProxy = 553770B62B60665A00C69D03 /* PBXContainerItemProxy */;
		};
/* End PBXTargetDependency section */

/* Begin PBXVariantGroup section */
		5507FF112B61D7AD007C7C5B /* Localizable.strings */ = {
			isa = PBXVariantGroup;
			children = (
				5507FF102B61D7AD007C7C5B /* en */,
				5507FF122B61D7B2007C7C5B /* es */,
			);
			name = Localizable.strings;
			sourceTree = "<group>";
		};
		553770A32B60665A00C69D03 /* LaunchScreen.storyboard */ = {
			isa = PBXVariantGroup;
			children = (
				553770A42B60665A00C69D03 /* Base */,
			);
			name = LaunchScreen.storyboard;
			sourceTree = "<group>";
		};
/* End PBXVariantGroup section */

/* Begin XCBuildConfiguration section */
		553770BD2B60665A00C69D03 /* Debug */ = {
			isa = XCBuildConfiguration;
			buildSettings = {
				ALWAYS_SEARCH_USER_PATHS = NO;
				ASSETCATALOG_COMPILER_GENERATE_SWIFT_ASSET_SYMBOL_EXTENSIONS = YES;
				CLANG_ANALYZER_LOCALIZABILITY_NONLOCALIZED = YES;
				CLANG_ANALYZER_NONNULL = YES;
				CLANG_ANALYZER_NUMBER_OBJECT_CONVERSION = YES_AGGRESSIVE;
				CLANG_CXX_LANGUAGE_STANDARD = "gnu++20";
				CLANG_ENABLE_MODULES = YES;
				CLANG_ENABLE_OBJC_ARC = YES;
				CLANG_ENABLE_OBJC_WEAK = YES;
				CLANG_WARN_BLOCK_CAPTURE_AUTORELEASING = YES;
				CLANG_WARN_BOOL_CONVERSION = YES;
				CLANG_WARN_COMMA = YES;
				CLANG_WARN_CONSTANT_CONVERSION = YES;
				CLANG_WARN_DEPRECATED_OBJC_IMPLEMENTATIONS = YES;
				CLANG_WARN_DIRECT_OBJC_ISA_USAGE = YES_ERROR;
				CLANG_WARN_DOCUMENTATION_COMMENTS = YES;
				CLANG_WARN_EMPTY_BODY = YES;
				CLANG_WARN_ENUM_CONVERSION = YES;
				CLANG_WARN_INFINITE_RECURSION = YES;
				CLANG_WARN_INT_CONVERSION = YES;
				CLANG_WARN_NON_LITERAL_NULL_CONVERSION = YES;
				CLANG_WARN_OBJC_IMPLICIT_RETAIN_SELF = YES;
				CLANG_WARN_OBJC_LITERAL_CONVERSION = YES;
				CLANG_WARN_OBJC_ROOT_CLASS = YES_ERROR;
				CLANG_WARN_QUOTED_INCLUDE_IN_FRAMEWORK_HEADER = YES;
				CLANG_WARN_RANGE_LOOP_ANALYSIS = YES;
				CLANG_WARN_STRICT_PROTOTYPES = YES;
				CLANG_WARN_SUSPICIOUS_MOVE = YES;
				CLANG_WARN_UNGUARDED_AVAILABILITY = YES_AGGRESSIVE;
				CLANG_WARN_UNREACHABLE_CODE = YES;
				CLANG_WARN__DUPLICATE_METHOD_MATCH = YES;
				COPY_PHASE_STRIP = NO;
				DEBUG_INFORMATION_FORMAT = dwarf;
				ENABLE_STRICT_OBJC_MSGSEND = YES;
				ENABLE_TESTABILITY = YES;
				ENABLE_USER_SCRIPT_SANDBOXING = YES;
				GCC_C_LANGUAGE_STANDARD = gnu17;
				GCC_DYNAMIC_NO_PIC = NO;
				GCC_NO_COMMON_BLOCKS = YES;
				GCC_OPTIMIZATION_LEVEL = 0;
				GCC_PREPROCESSOR_DEFINITIONS = (
					"DEBUG=1",
					"$(inherited)",
				);
				GCC_WARN_64_TO_32_BIT_CONVERSION = YES;
				GCC_WARN_ABOUT_RETURN_TYPE = YES_ERROR;
				GCC_WARN_UNDECLARED_SELECTOR = YES;
				GCC_WARN_UNINITIALIZED_AUTOS = YES_AGGRESSIVE;
				GCC_WARN_UNUSED_FUNCTION = YES;
				GCC_WARN_UNUSED_VARIABLE = YES;
				IPHONEOS_DEPLOYMENT_TARGET = 17.2;
				LOCALIZATION_PREFERS_STRING_CATALOGS = YES;
				MTL_ENABLE_DEBUG_INFO = INCLUDE_SOURCE;
				MTL_FAST_MATH = YES;
				ONLY_ACTIVE_ARCH = YES;
				SDKROOT = iphoneos;
				SWIFT_ACTIVE_COMPILATION_CONDITIONS = "DEBUG $(inherited)";
				SWIFT_OPTIMIZATION_LEVEL = "-Onone";
			};
			name = Debug;
		};
		553770BE2B60665A00C69D03 /* Release */ = {
			isa = XCBuildConfiguration;
			buildSettings = {
				ALWAYS_SEARCH_USER_PATHS = NO;
				ASSETCATALOG_COMPILER_GENERATE_SWIFT_ASSET_SYMBOL_EXTENSIONS = YES;
				CLANG_ANALYZER_LOCALIZABILITY_NONLOCALIZED = YES;
				CLANG_ANALYZER_NONNULL = YES;
				CLANG_ANALYZER_NUMBER_OBJECT_CONVERSION = YES_AGGRESSIVE;
				CLANG_CXX_LANGUAGE_STANDARD = "gnu++20";
				CLANG_ENABLE_MODULES = YES;
				CLANG_ENABLE_OBJC_ARC = YES;
				CLANG_ENABLE_OBJC_WEAK = YES;
				CLANG_WARN_BLOCK_CAPTURE_AUTORELEASING = YES;
				CLANG_WARN_BOOL_CONVERSION = YES;
				CLANG_WARN_COMMA = YES;
				CLANG_WARN_CONSTANT_CONVERSION = YES;
				CLANG_WARN_DEPRECATED_OBJC_IMPLEMENTATIONS = YES;
				CLANG_WARN_DIRECT_OBJC_ISA_USAGE = YES_ERROR;
				CLANG_WARN_DOCUMENTATION_COMMENTS = YES;
				CLANG_WARN_EMPTY_BODY = YES;
				CLANG_WARN_ENUM_CONVERSION = YES;
				CLANG_WARN_INFINITE_RECURSION = YES;
				CLANG_WARN_INT_CONVERSION = YES;
				CLANG_WARN_NON_LITERAL_NULL_CONVERSION = YES;
				CLANG_WARN_OBJC_IMPLICIT_RETAIN_SELF = YES;
				CLANG_WARN_OBJC_LITERAL_CONVERSION = YES;
				CLANG_WARN_OBJC_ROOT_CLASS = YES_ERROR;
				CLANG_WARN_QUOTED_INCLUDE_IN_FRAMEWORK_HEADER = YES;
				CLANG_WARN_RANGE_LOOP_ANALYSIS = YES;
				CLANG_WARN_STRICT_PROTOTYPES = YES;
				CLANG_WARN_SUSPICIOUS_MOVE = YES;
				CLANG_WARN_UNGUARDED_AVAILABILITY = YES_AGGRESSIVE;
				CLANG_WARN_UNREACHABLE_CODE = YES;
				CLANG_WARN__DUPLICATE_METHOD_MATCH = YES;
				COPY_PHASE_STRIP = NO;
				DEBUG_INFORMATION_FORMAT = "dwarf-with-dsym";
				ENABLE_NS_ASSERTIONS = NO;
				ENABLE_STRICT_OBJC_MSGSEND = YES;
				ENABLE_USER_SCRIPT_SANDBOXING = YES;
				GCC_C_LANGUAGE_STANDARD = gnu17;
				GCC_NO_COMMON_BLOCKS = YES;
				GCC_WARN_64_TO_32_BIT_CONVERSION = YES;
				GCC_WARN_ABOUT_RETURN_TYPE = YES_ERROR;
				GCC_WARN_UNDECLARED_SELECTOR = YES;
				GCC_WARN_UNINITIALIZED_AUTOS = YES_AGGRESSIVE;
				GCC_WARN_UNUSED_FUNCTION = YES;
				GCC_WARN_UNUSED_VARIABLE = YES;
				IPHONEOS_DEPLOYMENT_TARGET = 17.2;
				LOCALIZATION_PREFERS_STRING_CATALOGS = YES;
				MTL_ENABLE_DEBUG_INFO = NO;
				MTL_FAST_MATH = YES;
				SDKROOT = iphoneos;
				SWIFT_COMPILATION_MODE = wholemodule;
				VALIDATE_PRODUCT = YES;
			};
			name = Release;
		};
		553770C02B60665A00C69D03 /* Debug */ = {
			isa = XCBuildConfiguration;
			buildSettings = {
				ASSETCATALOG_COMPILER_APPICON_NAME = AppIcon;
				ASSETCATALOG_COMPILER_GLOBAL_ACCENT_COLOR_NAME = AccentColor;
				CODE_SIGN_STYLE = Automatic;
				CURRENT_PROJECT_VERSION = 1;
				DEVELOPMENT_TEAM = 538YK27G99;
				GENERATE_INFOPLIST_FILE = YES;
				INFOPLIST_FILE = StarRow/Info.plist;
				INFOPLIST_KEY_UIApplicationSupportsIndirectInputEvents = YES;
				INFOPLIST_KEY_UILaunchStoryboardName = LaunchScreen;
				INFOPLIST_KEY_UISupportedInterfaceOrientations_iPad = "UIInterfaceOrientationPortrait UIInterfaceOrientationPortraitUpsideDown UIInterfaceOrientationLandscapeLeft UIInterfaceOrientationLandscapeRight";
				INFOPLIST_KEY_UISupportedInterfaceOrientations_iPhone = "UIInterfaceOrientationPortrait UIInterfaceOrientationLandscapeLeft UIInterfaceOrientationLandscapeRight";
				IPHONEOS_DEPLOYMENT_TARGET = 15.6;
				LD_RUNPATH_SEARCH_PATHS = (
					"$(inherited)",
					"@executable_path/Frameworks",
				);
				MARKETING_VERSION = 1.0;
				PRODUCT_BUNDLE_IDENTIFIER = com.Alejandro.StarRow;
				PRODUCT_NAME = "$(TARGET_NAME)";
				SWIFT_EMIT_LOC_STRINGS = YES;
				SWIFT_VERSION = 5.0;
				TARGETED_DEVICE_FAMILY = "1,2";
			};
			name = Debug;
		};
		553770C12B60665A00C69D03 /* Release */ = {
			isa = XCBuildConfiguration;
			buildSettings = {
				ASSETCATALOG_COMPILER_APPICON_NAME = AppIcon;
				ASSETCATALOG_COMPILER_GLOBAL_ACCENT_COLOR_NAME = AccentColor;
				CODE_SIGN_STYLE = Automatic;
				CURRENT_PROJECT_VERSION = 1;
				DEVELOPMENT_TEAM = 538YK27G99;
				GENERATE_INFOPLIST_FILE = YES;
				INFOPLIST_FILE = StarRow/Info.plist;
				INFOPLIST_KEY_UIApplicationSupportsIndirectInputEvents = YES;
				INFOPLIST_KEY_UILaunchStoryboardName = LaunchScreen;
				INFOPLIST_KEY_UISupportedInterfaceOrientations_iPad = "UIInterfaceOrientationPortrait UIInterfaceOrientationPortraitUpsideDown UIInterfaceOrientationLandscapeLeft UIInterfaceOrientationLandscapeRight";
				INFOPLIST_KEY_UISupportedInterfaceOrientations_iPhone = "UIInterfaceOrientationPortrait UIInterfaceOrientationLandscapeLeft UIInterfaceOrientationLandscapeRight";
				IPHONEOS_DEPLOYMENT_TARGET = 15.6;
				LD_RUNPATH_SEARCH_PATHS = (
					"$(inherited)",
					"@executable_path/Frameworks",
				);
				MARKETING_VERSION = 1.0;
				PRODUCT_BUNDLE_IDENTIFIER = com.Alejandro.StarRow;
				PRODUCT_NAME = "$(TARGET_NAME)";
				SWIFT_EMIT_LOC_STRINGS = YES;
				SWIFT_VERSION = 5.0;
				TARGETED_DEVICE_FAMILY = "1,2";
			};
			name = Release;
		};
		553770C32B60665A00C69D03 /* Debug */ = {
			isa = XCBuildConfiguration;
			buildSettings = {
				ALWAYS_EMBED_SWIFT_STANDARD_LIBRARIES = YES;
				BUNDLE_LOADER = "$(TEST_HOST)";
				CODE_SIGN_STYLE = Automatic;
				CURRENT_PROJECT_VERSION = 1;
				DEVELOPMENT_TEAM = 538YK27G99;
				GENERATE_INFOPLIST_FILE = YES;
				IPHONEOS_DEPLOYMENT_TARGET = 17.2;
				MARKETING_VERSION = 1.0;
				PRODUCT_BUNDLE_IDENTIFIER = com.Alejandro.StarRowTests;
				PRODUCT_NAME = "$(TARGET_NAME)";
				SWIFT_EMIT_LOC_STRINGS = NO;
				SWIFT_VERSION = 5.0;
				TARGETED_DEVICE_FAMILY = "1,2";
				TEST_HOST = "$(BUILT_PRODUCTS_DIR)/StarRow.app/$(BUNDLE_EXECUTABLE_FOLDER_PATH)/StarRow";
			};
			name = Debug;
		};
		553770C42B60665A00C69D03 /* Release */ = {
			isa = XCBuildConfiguration;
			buildSettings = {
				ALWAYS_EMBED_SWIFT_STANDARD_LIBRARIES = YES;
				BUNDLE_LOADER = "$(TEST_HOST)";
				CODE_SIGN_STYLE = Automatic;
				CURRENT_PROJECT_VERSION = 1;
				DEVELOPMENT_TEAM = 538YK27G99;
				GENERATE_INFOPLIST_FILE = YES;
				IPHONEOS_DEPLOYMENT_TARGET = 17.2;
				MARKETING_VERSION = 1.0;
				PRODUCT_BUNDLE_IDENTIFIER = com.Alejandro.StarRowTests;
				PRODUCT_NAME = "$(TARGET_NAME)";
				SWIFT_EMIT_LOC_STRINGS = NO;
				SWIFT_VERSION = 5.0;
				TARGETED_DEVICE_FAMILY = "1,2";
				TEST_HOST = "$(BUILT_PRODUCTS_DIR)/StarRow.app/$(BUNDLE_EXECUTABLE_FOLDER_PATH)/StarRow";
			};
			name = Release;
		};
		553770C62B60665A00C69D03 /* Debug */ = {
			isa = XCBuildConfiguration;
			buildSettings = {
				ALWAYS_EMBED_SWIFT_STANDARD_LIBRARIES = YES;
				CODE_SIGN_STYLE = Automatic;
				CURRENT_PROJECT_VERSION = 1;
				DEVELOPMENT_TEAM = 538YK27G99;
				GENERATE_INFOPLIST_FILE = YES;
				MARKETING_VERSION = 1.0;
				PRODUCT_BUNDLE_IDENTIFIER = com.Alejandro.StarRowUITests;
				PRODUCT_NAME = "$(TARGET_NAME)";
				SWIFT_EMIT_LOC_STRINGS = NO;
				SWIFT_VERSION = 5.0;
				TARGETED_DEVICE_FAMILY = "1,2";
				TEST_TARGET_NAME = StarRow;
			};
			name = Debug;
		};
		553770C72B60665A00C69D03 /* Release */ = {
			isa = XCBuildConfiguration;
			buildSettings = {
				ALWAYS_EMBED_SWIFT_STANDARD_LIBRARIES = YES;
				CODE_SIGN_STYLE = Automatic;
				CURRENT_PROJECT_VERSION = 1;
				DEVELOPMENT_TEAM = 538YK27G99;
				GENERATE_INFOPLIST_FILE = YES;
				MARKETING_VERSION = 1.0;
				PRODUCT_BUNDLE_IDENTIFIER = com.Alejandro.StarRowUITests;
				PRODUCT_NAME = "$(TARGET_NAME)";
				SWIFT_EMIT_LOC_STRINGS = NO;
				SWIFT_VERSION = 5.0;
				TARGETED_DEVICE_FAMILY = "1,2";
				TEST_TARGET_NAME = StarRow;
			};
			name = Release;
		};
/* End XCBuildConfiguration section */

/* Begin XCConfigurationList section */
		5537708D2B60665700C69D03 /* Build configuration list for PBXProject "StarRow" */ = {
			isa = XCConfigurationList;
			buildConfigurations = (
				553770BD2B60665A00C69D03 /* Debug */,
				553770BE2B60665A00C69D03 /* Release */,
			);
			defaultConfigurationIsVisible = 0;
			defaultConfigurationName = Release;
		};
		553770BF2B60665A00C69D03 /* Build configuration list for PBXNativeTarget "StarRow" */ = {
			isa = XCConfigurationList;
			buildConfigurations = (
				553770C02B60665A00C69D03 /* Debug */,
				553770C12B60665A00C69D03 /* Release */,
			);
			defaultConfigurationIsVisible = 0;
			defaultConfigurationName = Release;
		};
		553770C22B60665A00C69D03 /* Build configuration list for PBXNativeTarget "StarRowTests" */ = {
			isa = XCConfigurationList;
			buildConfigurations = (
				553770C32B60665A00C69D03 /* Debug */,
				553770C42B60665A00C69D03 /* Release */,
			);
			defaultConfigurationIsVisible = 0;
			defaultConfigurationName = Release;
		};
		553770C52B60665A00C69D03 /* Build configuration list for PBXNativeTarget "StarRowUITests" */ = {
			isa = XCConfigurationList;
			buildConfigurations = (
				553770C62B60665A00C69D03 /* Debug */,
				553770C72B60665A00C69D03 /* Release */,
			);
			defaultConfigurationIsVisible = 0;
			defaultConfigurationName = Release;
		};
/* End XCConfigurationList section */

/* Begin XCRemoteSwiftPackageReference section */
		551FB7B42B6993660054C482 /* XCRemoteSwiftPackageReference "Kingfisher" */ = {
			isa = XCRemoteSwiftPackageReference;
			repositoryURL = "https://github.com/onevcat/Kingfisher.git";
			requirement = {
				kind = upToNextMajorVersion;
				minimumVersion = 7.10.2;
			};
		};
/* End XCRemoteSwiftPackageReference section */

/* Begin XCSwiftPackageProductDependency section */
		551FB7B52B6993660054C482 /* Kingfisher */ = {
			isa = XCSwiftPackageProductDependency;
			package = 551FB7B42B6993660054C482 /* XCRemoteSwiftPackageReference "Kingfisher" */;
			productName = Kingfisher;
		};
/* End XCSwiftPackageProductDependency section */

/* Begin XCVersionGroup section */
		5537709E2B60665700C69D03 /* StarRow.xcdatamodeld */ = {
			isa = XCVersionGroup;
			children = (
				5537709F2B60665700C69D03 /* StarRow.xcdatamodel */,
			);
			currentVersion = 5537709F2B60665700C69D03 /* StarRow.xcdatamodel */;
			path = StarRow.xcdatamodeld;
			sourceTree = "<group>";
			versionGroupType = wrapper.xcdatamodel;
		};
/* End XCVersionGroup section */
	};
	rootObject = 5537708A2B60665700C69D03 /* Project object */;
}
